// !$*UTF8*$!
{
	archiveVersion = 1;
	classes = {
	};
	objectVersion = 50;
	objects = {

/* Begin PBXBuildFile section */
		CF828A49267C5B7F00BC52C3 /* AppDelegate.swift in Sources */ = {isa = PBXBuildFile; fileRef = CF828A48267C5B7F00BC52C3 /* AppDelegate.swift */; };
		CF828A4B267C5B7F00BC52C3 /* SceneDelegate.swift in Sources */ = {isa = PBXBuildFile; fileRef = CF828A4A267C5B7F00BC52C3 /* SceneDelegate.swift */; };
		CF828A50267C5B7F00BC52C3 /* Main.storyboard in Resources */ = {isa = PBXBuildFile; fileRef = CF828A4E267C5B7F00BC52C3 /* Main.storyboard */; };
		CF828A52267C5B8100BC52C3 /* Assets.xcassets in Resources */ = {isa = PBXBuildFile; fileRef = CF828A51267C5B8100BC52C3 /* Assets.xcassets */; };
		CF828A55267C5B8100BC52C3 /* LaunchScreen.storyboard in Resources */ = {isa = PBXBuildFile; fileRef = CF828A53267C5B8100BC52C3 /* LaunchScreen.storyboard */; };
		CF828A5E267C6BF100BC52C3 /* ComedyModel.swift in Sources */ = {isa = PBXBuildFile; fileRef = CF828A5D267C6BF100BC52C3 /* ComedyModel.swift */; };
		CF828A60267C6C0A00BC52C3 /* ComedyTableViewController.swift in Sources */ = {isa = PBXBuildFile; fileRef = CF828A5F267C6C0A00BC52C3 /* ComedyTableViewController.swift */; };
		CF828A63267C6CCF00BC52C3 /* HorrorModel.swift in Sources */ = {isa = PBXBuildFile; fileRef = CF828A62267C6CCF00BC52C3 /* HorrorModel.swift */; };
		CF828A65267C6CDA00BC52C3 /* HorrorTableViewController.swift in Sources */ = {isa = PBXBuildFile; fileRef = CF828A64267C6CDA00BC52C3 /* HorrorTableViewController.swift */; };
		CF828A68267C6D4400BC52C3 /* AnimationModel.swift in Sources */ = {isa = PBXBuildFile; fileRef = CF828A67267C6D4400BC52C3 /* AnimationModel.swift */; };
		CF828A6A267C6D5100BC52C3 /* AnimationTableViewController.swift in Sources */ = {isa = PBXBuildFile; fileRef = CF828A69267C6D5100BC52C3 /* AnimationTableViewController.swift */; };
		CF828A6D267C6DBF00BC52C3 /* ActionModel.swift in Sources */ = {isa = PBXBuildFile; fileRef = CF828A6C267C6DBF00BC52C3 /* ActionModel.swift */; };
		CF828A6F267C6DC900BC52C3 /* ActionTableViewController.swift in Sources */ = {isa = PBXBuildFile; fileRef = CF828A6E267C6DC800BC52C3 /* ActionTableViewController.swift */; };
		CF828A72267C6E5700BC52C3 /* DramaModel.swift in Sources */ = {isa = PBXBuildFile; fileRef = CF828A71267C6E5700BC52C3 /* DramaModel.swift */; };
		CF828A74267C6E6100BC52C3 /* DramaTableViewController.swift in Sources */ = {isa = PBXBuildFile; fileRef = CF828A73267C6E6100BC52C3 /* DramaTableViewController.swift */; };
/* End PBXBuildFile section */

/* Begin PBXFileReference section */
		CF828A45267C5B7F00BC52C3 /* FilmList.app */ = {isa = PBXFileReference; explicitFileType = wrapper.application; includeInIndex = 0; path = FilmList.app; sourceTree = BUILT_PRODUCTS_DIR; };
		CF828A48267C5B7F00BC52C3 /* AppDelegate.swift */ = {isa = PBXFileReference; lastKnownFileType = sourcecode.swift; path = AppDelegate.swift; sourceTree = "<group>"; };
		CF828A4A267C5B7F00BC52C3 /* SceneDelegate.swift */ = {isa = PBXFileReference; lastKnownFileType = sourcecode.swift; path = SceneDelegate.swift; sourceTree = "<group>"; };
		CF828A4F267C5B7F00BC52C3 /* Base */ = {isa = PBXFileReference; lastKnownFileType = file.storyboard; name = Base; path = Base.lproj/Main.storyboard; sourceTree = "<group>"; };
		CF828A51267C5B8100BC52C3 /* Assets.xcassets */ = {isa = PBXFileReference; lastKnownFileType = folder.assetcatalog; path = Assets.xcassets; sourceTree = "<group>"; };
		CF828A54267C5B8100BC52C3 /* Base */ = {isa = PBXFileReference; lastKnownFileType = file.storyboard; name = Base; path = Base.lproj/LaunchScreen.storyboard; sourceTree = "<group>"; };
		CF828A56267C5B8100BC52C3 /* Info.plist */ = {isa = PBXFileReference; lastKnownFileType = text.plist.xml; path = Info.plist; sourceTree = "<group>"; };
		CF828A5D267C6BF100BC52C3 /* ComedyModel.swift */ = {isa = PBXFileReference; lastKnownFileType = sourcecode.swift; path = ComedyModel.swift; sourceTree = "<group>"; };
		CF828A5F267C6C0A00BC52C3 /* ComedyTableViewController.swift */ = {isa = PBXFileReference; lastKnownFileType = sourcecode.swift; path = ComedyTableViewController.swift; sourceTree = "<group>"; };
		CF828A62267C6CCF00BC52C3 /* HorrorModel.swift */ = {isa = PBXFileReference; lastKnownFileType = sourcecode.swift; path = HorrorModel.swift; sourceTree = "<group>"; };
		CF828A64267C6CDA00BC52C3 /* HorrorTableViewController.swift */ = {isa = PBXFileReference; lastKnownFileType = sourcecode.swift; path = HorrorTableViewController.swift; sourceTree = "<group>"; };
		CF828A67267C6D4400BC52C3 /* AnimationModel.swift */ = {isa = PBXFileReference; lastKnownFileType = sourcecode.swift; path = AnimationModel.swift; sourceTree = "<group>"; };
		CF828A69267C6D5100BC52C3 /* AnimationTableViewController.swift */ = {isa = PBXFileReference; lastKnownFileType = sourcecode.swift; path = AnimationTableViewController.swift; sourceTree = "<group>"; };
		CF828A6C267C6DBF00BC52C3 /* ActionModel.swift */ = {isa = PBXFileReference; lastKnownFileType = sourcecode.swift; path = ActionModel.swift; sourceTree = "<group>"; };
		CF828A6E267C6DC800BC52C3 /* ActionTableViewController.swift */ = {isa = PBXFileReference; lastKnownFileType = sourcecode.swift; path = ActionTableViewController.swift; sourceTree = "<group>"; };
		CF828A71267C6E5700BC52C3 /* DramaModel.swift */ = {isa = PBXFileReference; lastKnownFileType = sourcecode.swift; path = DramaModel.swift; sourceTree = "<group>"; };
		CF828A73267C6E6100BC52C3 /* DramaTableViewController.swift */ = {isa = PBXFileReference; lastKnownFileType = sourcecode.swift; path = DramaTableViewController.swift; sourceTree = "<group>"; };
/* End PBXFileReference section */

/* Begin PBXFrameworksBuildPhase section */
		CF828A42267C5B7F00BC52C3 /* Frameworks */ = {
			isa = PBXFrameworksBuildPhase;
			buildActionMask = 2147483647;
			files = (
			);
			runOnlyForDeploymentPostprocessing = 0;
		};
/* End PBXFrameworksBuildPhase section */

/* Begin PBXGroup section */
		CF828A3C267C5B7F00BC52C3 = {
			isa = PBXGroup;
			children = (
				CF828A47267C5B7F00BC52C3 /* FilmList */,
				CF828A46267C5B7F00BC52C3 /* Products */,
			);
			sourceTree = "<group>";
		};
		CF828A46267C5B7F00BC52C3 /* Products */ = {
			isa = PBXGroup;
			children = (
				CF828A45267C5B7F00BC52C3 /* FilmList.app */,
			);
			name = Products;
			sourceTree = "<group>";
		};
		CF828A47267C5B7F00BC52C3 /* FilmList */ = {
			isa = PBXGroup;
			children = (
				CF828A5C267C6BCF00BC52C3 /* Comedy */,
				CF828A61267C6CB000BC52C3 /* Horror */,
				CF828A66267C6D0300BC52C3 /* Animation */,
				CF828A6B267C6D8F00BC52C3 /* Action */,
				CF828A70267C6E3A00BC52C3 /* Drama */,
				CF828A48267C5B7F00BC52C3 /* AppDelegate.swift */,
				CF828A4A267C5B7F00BC52C3 /* SceneDelegate.swift */,
				CF828A4E267C5B7F00BC52C3 /* Main.storyboard */,
				CF828A51267C5B8100BC52C3 /* Assets.xcassets */,
				CF828A53267C5B8100BC52C3 /* LaunchScreen.storyboard */,
				CF828A56267C5B8100BC52C3 /* Info.plist */,
			);
			path = FilmList;
			sourceTree = "<group>";
		};
		CF828A5C267C6BCF00BC52C3 /* Comedy */ = {
			isa = PBXGroup;
			children = (
				CF828A5D267C6BF100BC52C3 /* ComedyModel.swift */,
				CF828A5F267C6C0A00BC52C3 /* ComedyTableViewController.swift */,
			);
			path = Comedy;
			sourceTree = "<group>";
		};
		CF828A61267C6CB000BC52C3 /* Horror */ = {
			isa = PBXGroup;
			children = (
				CF828A64267C6CDA00BC52C3 /* HorrorTableViewController.swift */,
				CF828A62267C6CCF00BC52C3 /* HorrorModel.swift */,
			);
			path = Horror;
			sourceTree = "<group>";
		};
		CF828A66267C6D0300BC52C3 /* Animation */ = {
			isa = PBXGroup;
			children = (
				CF828A67267C6D4400BC52C3 /* AnimationModel.swift */,
				CF828A69267C6D5100BC52C3 /* AnimationTableViewController.swift */,
			);
			path = Animation;
			sourceTree = "<group>";
		};
		CF828A6B267C6D8F00BC52C3 /* Action */ = {
			isa = PBXGroup;
			children = (
				CF828A6C267C6DBF00BC52C3 /* ActionModel.swift */,
				CF828A6E267C6DC800BC52C3 /* ActionTableViewController.swift */,
			);
			path = Action;
			sourceTree = "<group>";
		};
		CF828A70267C6E3A00BC52C3 /* Drama */ = {
			isa = PBXGroup;
			children = (
				CF828A71267C6E5700BC52C3 /* DramaModel.swift */,
				CF828A73267C6E6100BC52C3 /* DramaTableViewController.swift */,
			);
			path = Drama;
			sourceTree = "<group>";
		};
/* End PBXGroup section */

/* Begin PBXNativeTarget section */
		CF828A44267C5B7F00BC52C3 /* FilmList */ = {
			isa = PBXNativeTarget;
			buildConfigurationList = CF828A59267C5B8100BC52C3 /* Build configuration list for PBXNativeTarget "FilmList" */;
			buildPhases = (
				CF828A41267C5B7F00BC52C3 /* Sources */,
				CF828A42267C5B7F00BC52C3 /* Frameworks */,
				CF828A43267C5B7F00BC52C3 /* Resources */,
			);
			buildRules = (
			);
			dependencies = (
			);
			name = FilmList;
			productName = FilmList;
			productReference = CF828A45267C5B7F00BC52C3 /* FilmList.app */;
			productType = "com.apple.product-type.application";
		};
/* End PBXNativeTarget section */

/* Begin PBXProject section */
		CF828A3D267C5B7F00BC52C3 /* Project object */ = {
			isa = PBXProject;
			attributes = {
				LastSwiftUpdateCheck = 1250;
				LastUpgradeCheck = 1250;
				TargetAttributes = {
					CF828A44267C5B7F00BC52C3 = {
						CreatedOnToolsVersion = 12.5;
					};
				};
			};
			buildConfigurationList = CF828A40267C5B7F00BC52C3 /* Build configuration list for PBXProject "FilmList" */;
			compatibilityVersion = "Xcode 9.3";
			developmentRegion = en;
			hasScannedForEncodings = 0;
			knownRegions = (
				en,
				Base,
			);
			mainGroup = CF828A3C267C5B7F00BC52C3;
			productRefGroup = CF828A46267C5B7F00BC52C3 /* Products */;
			projectDirPath = "";
			projectRoot = "";
			targets = (
				CF828A44267C5B7F00BC52C3 /* FilmList */,
			);
		};
/* End PBXProject section */

/* Begin PBXResourcesBuildPhase section */
		CF828A43267C5B7F00BC52C3 /* Resources */ = {
			isa = PBXResourcesBuildPhase;
			buildActionMask = 2147483647;
			files = (
				CF828A55267C5B8100BC52C3 /* LaunchScreen.storyboard in Resources */,
				CF828A52267C5B8100BC52C3 /* Assets.xcassets in Resources */,
				CF828A50267C5B7F00BC52C3 /* Main.storyboard in Resources */,
			);
			runOnlyForDeploymentPostprocessing = 0;
		};
/* End PBXResourcesBuildPhase section */

/* Begin PBXSourcesBuildPhase section */
		CF828A41267C5B7F00BC52C3 /* Sources */ = {
			isa = PBXSourcesBuildPhase;
			buildActionMask = 2147483647;
			files = (
				CF828A68267C6D4400BC52C3 /* AnimationModel.swift in Sources */,
				CF828A74267C6E6100BC52C3 /* DramaTableViewController.swift in Sources */,
				CF828A60267C6C0A00BC52C3 /* ComedyTableViewController.swift in Sources */,
				CF828A49267C5B7F00BC52C3 /* AppDelegate.swift in Sources */,
				CF828A6F267C6DC900BC52C3 /* ActionTableViewController.swift in Sources */,
				CF828A72267C6E5700BC52C3 /* DramaModel.swift in Sources */,
				CF828A6A267C6D5100BC52C3 /* AnimationTableViewController.swift in Sources */,
				CF828A6D267C6DBF00BC52C3 /* ActionModel.swift in Sources */,
				CF828A65267C6CDA00BC52C3 /* HorrorTableViewController.swift in Sources */,
				CF828A5E267C6BF100BC52C3 /* ComedyModel.swift in Sources */,
				CF828A4B267C5B7F00BC52C3 /* SceneDelegate.swift in Sources */,
				CF828A63267C6CCF00BC52C3 /* HorrorModel.swift in Sources */,
			);
			runOnlyForDeploymentPostprocessing = 0;
		};
/* End PBXSourcesBuildPhase section */

/* Begin PBXVariantGroup section */
		CF828A4E267C5B7F00BC52C3 /* Main.storyboard */ = {
			isa = PBXVariantGroup;
			children = (
				CF828A4F267C5B7F00BC52C3 /* Base */,
			);
			name = Main.storyboard;
			sourceTree = "<group>";
		};
		CF828A53267C5B8100BC52C3 /* LaunchScreen.storyboard */ = {
			isa = PBXVariantGroup;
			children = (
				CF828A54267C5B8100BC52C3 /* Base */,
			);
			name = LaunchScreen.storyboard;
			sourceTree = "<group>";
		};
/* End PBXVariantGroup section */

/* Begin XCBuildConfiguration section */
		CF828A57267C5B8100BC52C3 /* Debug */ = {
			isa = XCBuildConfiguration;
			buildSettings = {
				ALWAYS_SEARCH_USER_PATHS = NO;
				CLANG_ANALYZER_NONNULL = YES;
				CLANG_ANALYZER_NUMBER_OBJECT_CONVERSION = YES_AGGRESSIVE;
				CLANG_CXX_LANGUAGE_STANDARD = "gnu++14";
				CLANG_CXX_LIBRARY = "libc++";
				CLANG_ENABLE_MODULES = YES;
				CLANG_ENABLE_OBJC_ARC = YES;
				CLANG_ENABLE_OBJC_WEAK = YES;
				CLANG_WARN_BLOCK_CAPTURE_AUTORELEASING = YES;
				CLANG_WARN_BOOL_CONVERSION = YES;
				CLANG_WARN_COMMA = YES;
				CLANG_WARN_CONSTANT_CONVERSION = YES;
				CLANG_WARN_DEPRECATED_OBJC_IMPLEMENTATIONS = YES;
				CLANG_WARN_DIRECT_OBJC_ISA_USAGE = YES_ERROR;
				CLANG_WARN_DOCUMENTATION_COMMENTS = YES;
				CLANG_WARN_EMPTY_BODY = YES;
				CLANG_WARN_ENUM_CONVERSION = YES;
				CLANG_WARN_INFINITE_RECURSION = YES;
				CLANG_WARN_INT_CONVERSION = YES;
				CLANG_WARN_NON_LITERAL_NULL_CONVERSION = YES;
				CLANG_WARN_OBJC_IMPLICIT_RETAIN_SELF = YES;
				CLANG_WARN_OBJC_LITERAL_CONVERSION = YES;
				CLANG_WARN_OBJC_ROOT_CLASS = YES_ERROR;
				CLANG_WARN_QUOTED_INCLUDE_IN_FRAMEWORK_HEADER = YES;
				CLANG_WARN_RANGE_LOOP_ANALYSIS = YES;
				CLANG_WARN_STRICT_PROTOTYPES = YES;
				CLANG_WARN_SUSPICIOUS_MOVE = YES;
				CLANG_WARN_UNGUARDED_AVAILABILITY = YES_AGGRESSIVE;
				CLANG_WARN_UNREACHABLE_CODE = YES;
				CLANG_WARN__DUPLICATE_METHOD_MATCH = YES;
				COPY_PHASE_STRIP = NO;
				DEBUG_INFORMATION_FORMAT = dwarf;
				ENABLE_STRICT_OBJC_MSGSEND = YES;
				ENABLE_TESTABILITY = YES;
				GCC_C_LANGUAGE_STANDARD = gnu11;
				GCC_DYNAMIC_NO_PIC = NO;
				GCC_NO_COMMON_BLOCKS = YES;
				GCC_OPTIMIZATION_LEVEL = 0;
				GCC_PREPROCESSOR_DEFINITIONS = (
					"DEBUG=1",
					"$(inherited)",
				);
				GCC_WARN_64_TO_32_BIT_CONVERSION = YES;
				GCC_WARN_ABOUT_RETURN_TYPE = YES_ERROR;
				GCC_WARN_UNDECLARED_SELECTOR = YES;
				GCC_WARN_UNINITIALIZED_AUTOS = YES_AGGRESSIVE;
				GCC_WARN_UNUSED_FUNCTION = YES;
				GCC_WARN_UNUSED_VARIABLE = YES;
				IPHONEOS_DEPLOYMENT_TARGET = 14.5;
				MTL_ENABLE_DEBUG_INFO = INCLUDE_SOURCE;
				MTL_FAST_MATH = YES;
				ONLY_ACTIVE_ARCH = YES;
				SDKROOT = iphoneos;
				SWIFT_ACTIVE_COMPILATION_CONDITIONS = DEBUG;
				SWIFT_OPTIMIZATION_LEVEL = "-Onone";
			};
			name = Debug;
		};
		CF828A58267C5B8100BC52C3 /* Release */ = {
			isa = XCBuildConfiguration;
			buildSettings = {
				ALWAYS_SEARCH_USER_PATHS = NO;
				CLANG_ANALYZER_NONNULL = YES;
				CLANG_ANALYZER_NUMBER_OBJECT_CONVERSION = YES_AGGRESSIVE;
				CLANG_CXX_LANGUAGE_STANDARD = "gnu++14";
				CLANG_CXX_LIBRARY = "libc++";
				CLANG_ENABLE_MODULES = YES;
				CLANG_ENABLE_OBJC_ARC = YES;
				CLANG_ENABLE_OBJC_WEAK = YES;
				CLANG_WARN_BLOCK_CAPTURE_AUTORELEASING = YES;
				CLANG_WARN_BOOL_CONVERSION = YES;
				CLANG_WARN_COMMA = YES;
				CLANG_WARN_CONSTANT_CONVERSION = YES;
				CLANG_WARN_DEPRECATED_OBJC_IMPLEMENTATIONS = YES;
				CLANG_WARN_DIRECT_OBJC_ISA_USAGE = YES_ERROR;
				CLANG_WARN_DOCUMENTATION_COMMENTS = YES;
				CLANG_WARN_EMPTY_BODY = YES;
				CLANG_WARN_ENUM_CONVERSION = YES;
				CLANG_WARN_INFINITE_RECURSION = YES;
				CLANG_WARN_INT_CONVERSION = YES;
				CLANG_WARN_NON_LITERAL_NULL_CONVERSION = YES;
				CLANG_WARN_OBJC_IMPLICIT_RETAIN_SELF = YES;
				CLANG_WARN_OBJC_LITERAL_CONVERSION = YES;
				CLANG_WARN_OBJC_ROOT_CLASS = YES_ERROR;
				CLANG_WARN_QUOTED_INCLUDE_IN_FRAMEWORK_HEADER = YES;
				CLANG_WARN_RANGE_LOOP_ANALYSIS = YES;
				CLANG_WARN_STRICT_PROTOTYPES = YES;
				CLANG_WARN_SUSPICIOUS_MOVE = YES;
				CLANG_WARN_UNGUARDED_AVAILABILITY = YES_AGGRESSIVE;
				CLANG_WARN_UNREACHABLE_CODE = YES;
				CLANG_WARN__DUPLICATE_METHOD_MATCH = YES;
				COPY_PHASE_STRIP = NO;
				DEBUG_INFORMATION_FORMAT = "dwarf-with-dsym";
				ENABLE_NS_ASSERTIONS = NO;
				ENABLE_STRICT_OBJC_MSGSEND = YES;
				GCC_C_LANGUAGE_STANDARD = gnu11;
				GCC_NO_COMMON_BLOCKS = YES;
				GCC_WARN_64_TO_32_BIT_CONVERSION = YES;
				GCC_WARN_ABOUT_RETURN_TYPE = YES_ERROR;
				GCC_WARN_UNDECLARED_SELECTOR = YES;
				GCC_WARN_UNINITIALIZED_AUTOS = YES_AGGRESSIVE;
				GCC_WARN_UNUSED_FUNCTION = YES;
				GCC_WARN_UNUSED_VARIABLE = YES;
				IPHONEOS_DEPLOYMENT_TARGET = 14.5;
				MTL_ENABLE_DEBUG_INFO = NO;
				MTL_FAST_MATH = YES;
				SDKROOT = iphoneos;
				SWIFT_COMPILATION_MODE = wholemodule;
				SWIFT_OPTIMIZATION_LEVEL = "-O";
				VALIDATE_PRODUCT = YES;
			};
			name = Release;
		};
		CF828A5A267C5B8100BC52C3 /* Debug */ = {
			isa = XCBuildConfiguration;
			buildSettings = {
				ASSETCATALOG_COMPILER_APPICON_NAME = AppIcon;
				ASSETCATALOG_COMPILER_GLOBAL_ACCENT_COLOR_NAME = AccentColor;
				CODE_SIGN_STYLE = Automatic;
				DEVELOPMENT_TEAM = 5S24UZWM65;
				INFOPLIST_FILE = FilmList/Info.plist;
				LD_RUNPATH_SEARCH_PATHS = (
					"$(inherited)",
					"@executable_path/Frameworks",
				);
				PRODUCT_BUNDLE_IDENTIFIER = ru.imarishin.FilmList;
				PRODUCT_NAME = "$(TARGET_NAME)";
				SWIFT_VERSION = 5.0;
				TARGETED_DEVICE_FAMILY = "1,2";
			};
			name = Debug;
		};
		CF828A5B267C5B8100BC52C3 /* Release */ = {
			isa = XCBuildConfiguration;
			buildSettings = {
				ASSETCATALOG_COMPILER_APPICON_NAME = AppIcon;
				ASSETCATALOG_COMPILER_GLOBAL_ACCENT_COLOR_NAME = AccentColor;
				CODE_SIGN_STYLE = Automatic;
				DEVELOPMENT_TEAM = 5S24UZWM65;
				INFOPLIST_FILE = FilmList/Info.plist;
				LD_RUNPATH_SEARCH_PATHS = (
					"$(inherited)",
					"@executable_path/Frameworks",
				);
				PRODUCT_BUNDLE_IDENTIFIER = ru.imarishin.FilmList;
				PRODUCT_NAME = "$(TARGET_NAME)";
				SWIFT_VERSION = 5.0;
				TARGETED_DEVICE_FAMILY = "1,2";
			};
			name = Release;
		};
/* End XCBuildConfiguration section */

/* Begin XCConfigurationList section */
		CF828A40267C5B7F00BC52C3 /* Build configuration list for PBXProject "FilmList" */ = {
			isa = XCConfigurationList;
			buildConfigurations = (
				CF828A57267C5B8100BC52C3 /* Debug */,
				CF828A58267C5B8100BC52C3 /* Release */,
			);
			defaultConfigurationIsVisible = 0;
			defaultConfigurationName = Release;
		};
		CF828A59267C5B8100BC52C3 /* Build configuration list for PBXNativeTarget "FilmList" */ = {
			isa = XCConfigurationList;
			buildConfigurations = (
				CF828A5A267C5B8100BC52C3 /* Debug */,
				CF828A5B267C5B8100BC52C3 /* Release */,
			);
			defaultConfigurationIsVisible = 0;
			defaultConfigurationName = Release;
		};
/* End XCConfigurationList section */
	};
	rootObject = CF828A3D267C5B7F00BC52C3 /* Project object */;
}
